
Microsoft Visual Studio Solution File, Format Version 12.00
# Visual Studio Version 17
VisualStudioVersion = 17.4.33213.308
MinimumVisualStudioVersion = 10.0.40219.1
Project("{FAE04EC0-301F-11D3-BF4B-00C04F79EFBC}") = "Enterprise Manager", "Enterprise Manager\Enterprise Manager.csproj", "{578F62EF-B3EA-4DBD-B3D1-8D7C8A17CDD0}"
EndProject
Global
	GlobalSection(SolutionConfigurationPlatforms) = preSolution
		Debug|Any CPU = Debug|Any CPU
		Release|Any CPU = Release|Any CPU
	EndGlobalSection
	GlobalSection(ProjectConfigurationPlatforms) = postSolution
		{578F62EF-B3EA-4DBD-B3D1-8D7C8A17CDD0}.Debug|Any CPU.ActiveCfg = Debug|Any CPU
		{578F62EF-B3EA-4DBD-B3D1-8D7C8A17CDD0}.Debug|Any CPU.Build.0 = Debug|Any CPU
		{578F62EF-B3EA-4DBD-B3D1-8D7C8A17CDD0}.Release|Any CPU.ActiveCfg = Release|Any CPU
		{578F62EF-B3EA-4DBD-B3D1-8D7C8A17CDD0}.Release|Any CPU.Build.0 = Release|Any CPU
	EndGlobalSection
	GlobalSection(SolutionProperties) = preSolution
		HideSolutionNode = FALSE
	EndGlobalSection
	GlobalSection(ExtensibilityGlobals) = postSolution
		SolutionGuid = {4B78BC6A-9E5C-414C-85BB-515A1047BEEE}
	EndGlobalSection
EndGlobal
